
Microsoft Visual Studio Solution File, Format Version 12.00
# Visual Studio Version 17
VisualStudioVersion = 17.1.32319.34
MinimumVisualStudioVersion = 10.0.40219.1
Project("{FAE04EC0-301F-11D3-BF4B-00C04F79EFBC}") = "AdvancedTCPTask", "AdvancedTCPTask\AdvancedTCPTask.csproj", "{76FC65B9-DCE9-4CA4-BB5C-F7D5685AB917}"
EndProject
Global
	GlobalSection(SolutionConfigurationPlatforms) = preSolution
		Debug|Any CPU = Debug|Any CPU
		Release|Any CPU = Release|Any CPU
	EndGlobalSection
	GlobalSection(ProjectConfigurationPlatforms) = postSolution
		{76FC65B9-DCE9-4CA4-BB5C-F7D5685AB917}.Debug|Any CPU.ActiveCfg = Debug|Any CPU
		{76FC65B9-DCE9-4CA4-BB5C-F7D5685AB917}.Debug|Any CPU.Build.0 = Debug|Any CPU
		{76FC65B9-DCE9-4CA4-BB5C-F7D5685AB917}.Release|Any CPU.ActiveCfg = Release|Any CPU
		{76FC65B9-DCE9-4CA4-BB5C-F7D5685AB917}.Release|Any CPU.Build.0 = Release|Any CPU
	EndGlobalSection
	GlobalSection(SolutionProperties) = preSolution
		HideSolutionNode = FALSE
	EndGlobalSection
	GlobalSection(ExtensibilityGlobals) = postSolution
		SolutionGuid = {3923E409-8627-42C8-9817-AA06395DA2C7}
	EndGlobalSection
EndGlobal
